Microsoft Visual Studio Solution File, Format Version 12.00
# Visual Studio Version 17
VisualStudioVersion = 17.5.2.0
MinimumVisualStudioVersion = 10.0.40219.1
Project("{FAE04EC0-301F-11D3-BF4B-00C04F79EFBC}") = "MediClinic.API", "MediClinic.API.csproj", "{66FDAEA4-2FB7-DB33-3B3C-300DA5EF6DB5}"
EndProject
Global
	GlobalSection(SolutionConfigurationPlatforms) = preSolution
		Debug|Any CPU = Debug|Any CPU
		Release|Any CPU = Release|Any CPU
	EndGlobalSection
	GlobalSection(ProjectConfigurationPlatforms) = postSolution
		{66FDAEA4-2FB7-DB33-3B3C-300DA5EF6DB5}.Debug|Any CPU.ActiveCfg = Debug|Any CPU
		{66FDAEA4-2FB7-DB33-3B3C-300DA5EF6DB5}.Debug|Any CPU.Build.0 = Debug|Any CPU
		{66FDAEA4-2FB7-DB33-3B3C-300DA5EF6DB5}.Release|Any CPU.ActiveCfg = Release|Any CPU
		{66FDAEA4-2FB7-DB33-3B3C-300DA5EF6DB5}.Release|Any CPU.Build.0 = Release|Any CPU
	EndGlobalSection
	GlobalSection(SolutionProperties) = preSolution
		HideSolutionNode = FALSE
	EndGlobalSection
	GlobalSection(ExtensibilityGlobals) = postSolution
		SolutionGuid = {BE5AFF5E-47EF-4E39-9070-7D621D8647EE}
	EndGlobalSection
EndGlobal
